
Microsoft Visual Studio Solution File, Format Version 12.00
# Visual Studio Version 16
VisualStudioVersion = 16.0.28803.352
MinimumVisualStudioVersion = 10.0.40219.1
Project("{9A19103F-16F7-4668-BE54-9A1E7A4F7556}") = "ComPact", "ComPact\ComPact.csproj", "{9A622242-5199-4EC0-9953-4E543759153F}"
EndProject
Project("{9A19103F-16F7-4668-BE54-9A1E7A4F7556}") = "ComPact.UnitTests", "ComPact.UnitTests\ComPact.UnitTests.csproj", "{0191CA45-2A47-4262-8065-BC18263EA67D}"
EndProject
Project("{9A19103F-16F7-4668-BE54-9A1E7A4F7556}") = "ComPact.ConsumerTests", "ComPact.ConsumerTests\ComPact.ConsumerTests.csproj", "{BDF3F200-B8DB-47EA-BD13-5BE7C609B467}"
EndProject
Project("{9A19103F-16F7-4668-BE54-9A1E7A4F7556}") = "ComPact.ProviderTests", "ComPact.ProviderTests\ComPact.ProviderTests.csproj", "{3A46C75D-A045-41B0-A4BE-523F9DC0CDAA}"
EndProject
Project("{9A19103F-16F7-4668-BE54-9A1E7A4F7556}") = "ComPact.Tests.Shared", "ComPact.Tests.Shared\ComPact.Tests.Shared.csproj", "{E97B3FF9-B6F6-451D-95CE-E650871C0173}"
EndProject
Project("{FAE04EC0-301F-11D3-BF4B-00C04F79EFBC}") = "ComPact.NETFrameworkConsumerTests", "ComPact.NETFrameworkConsumerTests\ComPact.NETFrameworkConsumerTests.csproj", "{A9A949E6-A1C9-433D-8142-37BAABD77474}"
EndProject
Global
	GlobalSection(SolutionConfigurationPlatforms) = preSolution
		Debug|Any CPU = Debug|Any CPU
		Release|Any CPU = Release|Any CPU
	EndGlobalSection
	GlobalSection(ProjectConfigurationPlatforms) = postSolution
		{9A622242-5199-4EC0-9953-4E543759153F}.Debug|Any CPU.ActiveCfg = Debug|Any CPU
		{9A622242-5199-4EC0-9953-4E543759153F}.Debug|Any CPU.Build.0 = Debug|Any CPU
		{9A622242-5199-4EC0-9953-4E543759153F}.Release|Any CPU.ActiveCfg = Release|Any CPU
		{9A622242-5199-4EC0-9953-4E543759153F}.Release|Any CPU.Build.0 = Release|Any CPU
		{0191CA45-2A47-4262-8065-BC18263EA67D}.Debug|Any CPU.ActiveCfg = Debug|Any CPU
		{0191CA45-2A47-4262-8065-BC18263EA67D}.Debug|Any CPU.Build.0 = Debug|Any CPU
		{0191CA45-2A47-4262-8065-BC18263EA67D}.Release|Any CPU.ActiveCfg = Release|Any CPU
		{0191CA45-2A47-4262-8065-BC18263EA67D}.Release|Any CPU.Build.0 = Release|Any CPU
		{BDF3F200-B8DB-47EA-BD13-5BE7C609B467}.Debug|Any CPU.ActiveCfg = Debug|Any CPU
		{BDF3F200-B8DB-47EA-BD13-5BE7C609B467}.Debug|Any CPU.Build.0 = Debug|Any CPU
		{BDF3F200-B8DB-47EA-BD13-5BE7C609B467}.Release|Any CPU.ActiveCfg = Release|Any CPU
		{BDF3F200-B8DB-47EA-BD13-5BE7C609B467}.Release|Any CPU.Build.0 = Release|Any CPU
		{3A46C75D-A045-41B0-A4BE-523F9DC0CDAA}.Debug|Any CPU.ActiveCfg = Debug|Any CPU
		{3A46C75D-A045-41B0-A4BE-523F9DC0CDAA}.Debug|Any CPU.Build.0 = Debug|Any CPU
		{3A46C75D-A045-41B0-A4BE-523F9DC0CDAA}.Release|Any CPU.ActiveCfg = Release|Any CPU
		{3A46C75D-A045-41B0-A4BE-523F9DC0CDAA}.Release|Any CPU.Build.0 = Release|Any CPU
		{E97B3FF9-B6F6-451D-95CE-E650871C0173}.Debug|Any CPU.ActiveCfg = Debug|Any CPU
		{E97B3FF9-B6F6-451D-95CE-E650871C0173}.Debug|Any CPU.Build.0 = Debug|Any CPU
		{E97B3FF9-B6F6-451D-95CE-E650871C0173}.Release|Any CPU.ActiveCfg = Release|Any CPU
		{E97B3FF9-B6F6-451D-95CE-E650871C0173}.Release|Any CPU.Build.0 = Release|Any CPU
		{A9A949E6-A1C9-433D-8142-37BAABD77474}.Debug|Any CPU.ActiveCfg = Debug|Any CPU
		{A9A949E6-A1C9-433D-8142-37BAABD77474}.Debug|Any CPU.Build.0 = Debug|Any CPU
		{A9A949E6-A1C9-433D-8142-37BAABD77474}.Release|Any CPU.ActiveCfg = Release|Any CPU
		{A9A949E6-A1C9-433D-8142-37BAABD77474}.Release|Any CPU.Build.0 = Release|Any CPU
	EndGlobalSection
	GlobalSection(SolutionProperties) = preSolution
		HideSolutionNode = FALSE
	EndGlobalSection
	GlobalSection(ExtensibilityGlobals) = postSolution
		SolutionGuid = {C53C8AD1-45FE-4F2F-B995-CE0F935F1234}
	EndGlobalSection
EndGlobal
